
Microsoft Visual Studio Solution File, Format Version 12.00
# Visual Studio 14
VisualStudioVersion = 14.0.25420.1
MinimumVisualStudioVersion = 10.0.40219.1
Project("{2150E333-8FDC-42A3-9474-1A3956D46DE8}") = "src", "src", "{C58F2449-5FD2-4FA1-8A72-172D8B0ED212}"
EndProject
Project("{2150E333-8FDC-42A3-9474-1A3956D46DE8}") = "Solution Items", "Solution Items", "{A737B032-EADC-405C-8FF2-8F3E628F54B2}"
	ProjectSection(SolutionItems) = preProject
		global.json = global.json
	EndProjectSection
EndProject
Project("{8BB2217D-0F2D-49D1-97BC-3654ED321F3B}") = "UnitTest", "src\UnitTest\UnitTest.xproj", "{642F9415-B7B1-4C9B-A38B-B0F088E2DB2F}"
EndProject
Project("{8BB2217D-0F2D-49D1-97BC-3654ED321F3B}") = "DeltaRuleLearning", "src\DeltaRuleLearningNew\DeltaRuleLearning.xproj", "{2F9FD942-A2B4-491A-8564-AD2113E25FC7}"
EndProject
Global
	GlobalSection(SolutionConfigurationPlatforms) = preSolution
		Debug|Any CPU = Debug|Any CPU
		Release|Any CPU = Release|Any CPU
	EndGlobalSection
	GlobalSection(ProjectConfigurationPlatforms) = postSolution
		{642F9415-B7B1-4C9B-A38B-B0F088E2DB2F}.Debug|Any CPU.ActiveCfg = Debug|Any CPU
		{642F9415-B7B1-4C9B-A38B-B0F088E2DB2F}.Debug|Any CPU.Build.0 = Debug|Any CPU
		{642F9415-B7B1-4C9B-A38B-B0F088E2DB2F}.Release|Any CPU.ActiveCfg = Release|Any CPU
		{642F9415-B7B1-4C9B-A38B-B0F088E2DB2F}.Release|Any CPU.Build.0 = Release|Any CPU
		{2F9FD942-A2B4-491A-8564-AD2113E25FC7}.Debug|Any CPU.ActiveCfg = Debug|Any CPU
		{2F9FD942-A2B4-491A-8564-AD2113E25FC7}.Debug|Any CPU.Build.0 = Debug|Any CPU
		{2F9FD942-A2B4-491A-8564-AD2113E25FC7}.Release|Any CPU.ActiveCfg = Release|Any CPU
		{2F9FD942-A2B4-491A-8564-AD2113E25FC7}.Release|Any CPU.Build.0 = Release|Any CPU
	EndGlobalSection
	GlobalSection(SolutionProperties) = preSolution
		HideSolutionNode = FALSE
	EndGlobalSection
	GlobalSection(NestedProjects) = preSolution
		{642F9415-B7B1-4C9B-A38B-B0F088E2DB2F} = {C58F2449-5FD2-4FA1-8A72-172D8B0ED212}
		{2F9FD942-A2B4-491A-8564-AD2113E25FC7} = {C58F2449-5FD2-4FA1-8A72-172D8B0ED212}
	EndGlobalSection
EndGlobal
